
Microsoft Visual Studio Solution File, Format Version 12.00
# Visual Studio 15
VisualStudioVersion = 15.0.28307.572
MinimumVisualStudioVersion = 10.0.40219.1
Project("{FAE04EC0-301F-11D3-BF4B-00C04F79EFBC}") = "RequestSigner", "RequestSigner.csproj", "{2B83009E-82AD-4B96-9243-354F0FFC07CA}"
EndProject
Global
	GlobalSection(SolutionConfigurationPlatforms) = preSolution
		Debug|Any CPU = Debug|Any CPU
		Release|Any CPU = Release|Any CPU
	EndGlobalSection
	GlobalSection(ProjectConfigurationPlatforms) = postSolution
		{2B83009E-82AD-4B96-9243-354F0FFC07CA}.Debug|Any CPU.ActiveCfg = Debug|Any CPU
		{2B83009E-82AD-4B96-9243-354F0FFC07CA}.Debug|Any CPU.Build.0 = Debug|Any CPU
		{2B83009E-82AD-4B96-9243-354F0FFC07CA}.Release|Any CPU.ActiveCfg = Release|Any CPU
		{2B83009E-82AD-4B96-9243-354F0FFC07CA}.Release|Any CPU.Build.0 = Release|Any CPU
	EndGlobalSection
	GlobalSection(SolutionProperties) = preSolution
		HideSolutionNode = FALSE
	EndGlobalSection
	GlobalSection(ExtensibilityGlobals) = postSolution
		SolutionGuid = {657C8E9A-DF78-42BC-8206-BF295BB07D83}
	EndGlobalSection
EndGlobal
